Microsoft Visual Studio Solution File, Format Version 11.00
# Visual Studio 2008

Project("{D71BA823-638E-A73F-8A30-482F405F34CA}") = "3D Room", "Assembly-CSharp.csproj", "{92390E9A-5A7C-5B79-CEDC-5B757AEAFB73}"
EndProject
Global
	GlobalSection(SolutionConfigurationPlatforms) = preSolution
		Debug|Any CPU = Debug|Any CPU
		Release|Any CPU = Release|Any CPU
	EndGlobalSection
	GlobalSection(ProjectConfigurationPlatforms) = postSolution
		{92390E9A-5A7C-5B79-CEDC-5B757AEAFB73}.Debug|Any CPU.ActiveCfg = Debug|Any CPU
		{92390E9A-5A7C-5B79-CEDC-5B757AEAFB73}.Debug|Any CPU.Build.0 = Debug|Any CPU
		{92390E9A-5A7C-5B79-CEDC-5B757AEAFB73}.Release|Any CPU.ActiveCfg = Release|Any CPU
		{92390E9A-5A7C-5B79-CEDC-5B757AEAFB73}.Release|Any CPU.Build.0 = Release|Any CPU
	EndGlobalSection
	GlobalSection(SolutionProperties) = preSolution
		HideSolutionNode = FALSE
	EndGlobalSection
	GlobalSection(MonoDevelopProperties) = preSolution
		StartupItem = Assembly-CSharp.csproj
	EndGlobalSection
EndGlobal
